// !$*UTF8*$!
{
	archiveVersion = 1;
	classes = {
	};
	objectVersion = 50;
	objects = {

/* Begin PBXBuildFile section */
		118FED2C24222078000A8214 /* AppDelegate.swift in Sources */ = {isa = PBXBuildFile; fileRef = 118FED2B24222078000A8214 /* AppDelegate.swift */; };
		118FED2E24222078000A8214 /* SceneDelegate.swift in Sources */ = {isa = PBXBuildFile; fileRef = 118FED2D24222078000A8214 /* SceneDelegate.swift */; };
		118FED3024222078000A8214 /* ViewController.swift in Sources */ = {isa = PBXBuildFile; fileRef = 118FED2F24222078000A8214 /* ViewController.swift */; };
		118FED3324222078000A8214 /* Main.storyboard in Resources */ = {isa = PBXBuildFile; fileRef = 118FED3124222078000A8214 /* Main.storyboard */; };
		118FED352422207D000A8214 /* Assets.xcassets in Resources */ = {isa = PBXBuildFile; fileRef = 118FED342422207D000A8214 /* Assets.xcassets */; };
		118FED382422207D000A8214 /* LaunchScreen.storyboard in Resources */ = {isa = PBXBuildFile; fileRef = 118FED362422207D000A8214 /* LaunchScreen.storyboard */; };
		118FED4124222270000A8214 /* setting.png in Resources */ = {isa = PBXBuildFile; fileRef = 118FED3F24222270000A8214 /* setting.png */; };
		118FED4224222270000A8214 /* key.png in Resources */ = {isa = PBXBuildFile; fileRef = 118FED4024222270000A8214 /* key.png */; };
/* End PBXBuildFile section */

/* Begin PBXFileReference section */
		118FED2824222078000A8214 /* SwiftButton1.app */ = {isa = PBXFileReference; explicitFileType = wrapper.application; includeInIndex = 0; path = SwiftButton1.app; sourceTree = BUILT_PRODUCTS_DIR; };
		118FED2B24222078000A8214 /* AppDelegate.swift */ = {isa = PBXFileReference; lastKnownFileType = sourcecode.swift; path = AppDelegate.swift; sourceTree = "<group>"; };
		118FED2D24222078000A8214 /* SceneDelegate.swift */ = {isa = PBXFileReference; lastKnownFileType = sourcecode.swift; path = SceneDelegate.swift; sourceTree = "<group>"; };
		118FED2F24222078000A8214 /* ViewController.swift */ = {isa = PBXFileReference; lastKnownFileType = sourcecode.swift; path = ViewController.swift; sourceTree = "<group>"; };
		118FED3224222078000A8214 /* Base */ = {isa = PBXFileReference; lastKnownFileType = file.storyboard; name = Base; path = Base.lproj/Main.storyboard; sourceTree = "<group>"; };
		118FED342422207D000A8214 /* Assets.xcassets */ = {isa = PBXFileReference; lastKnownFileType = folder.assetcatalog; path = Assets.xcassets; sourceTree = "<group>"; };
		118FED372422207D000A8214 /* Base */ = {isa = PBXFileReference; lastKnownFileType = file.storyboard; name = Base; path = Base.lproj/LaunchScreen.storyboard; sourceTree = "<group>"; };
		118FED392422207D000A8214 /* Info.plist */ = {isa = PBXFileReference; lastKnownFileType = text.plist.xml; path = Info.plist; sourceTree = "<group>"; };
		118FED3F24222270000A8214 /* setting.png */ = {isa = PBXFileReference; lastKnownFileType = image.png; path = setting.png; sourceTree = "<group>"; };
		118FED4024222270000A8214 /* key.png */ = {isa = PBXFileReference; lastKnownFileType = image.png; path = key.png; sourceTree = "<group>"; };
/* End PBXFileReference section */

/* Begin PBXFrameworksBuildPhase section */
		118FED2524222078000A8214 /* Frameworks */ = {
			isa = PBXFrameworksBuildPhase;
			buildActionMask = 2147483647;
			files = (
			);
			runOnlyForDeploymentPostprocessing = 0;
		};
/* End PBXFrameworksBuildPhase section */

/* Begin PBXGroup section */
		118FED1F24222078000A8214 = {
			isa = PBXGroup;
			children = (
				118FED2A24222078000A8214 /* SwiftButton1 */,
				118FED2924222078000A8214 /* Products */,
			);
			sourceTree = "<group>";
		};
		118FED2924222078000A8214 /* Products */ = {
			isa = PBXGroup;
			children = (
				118FED2824222078000A8214 /* SwiftButton1.app */,
			);
			name = Products;
			sourceTree = "<group>";
		};
		118FED2A24222078000A8214 /* SwiftButton1 */ = {
			isa = PBXGroup;
			children = (
				118FED4024222270000A8214 /* key.png */,
				118FED3F24222270000A8214 /* setting.png */,
				118FED2B24222078000A8214 /* AppDelegate.swift */,
				118FED2D24222078000A8214 /* SceneDelegate.swift */,
				118FED2F24222078000A8214 /* ViewController.swift */,
				118FED3124222078000A8214 /* Main.storyboard */,
				118FED342422207D000A8214 /* Assets.xcassets */,
				118FED362422207D000A8214 /* LaunchScreen.storyboard */,
				118FED392422207D000A8214 /* Info.plist */,
			);
			path = SwiftButton1;
			sourceTree = "<group>";
		};
/* End PBXGroup section */

/* Begin PBXNativeTarget section */
		118FED2724222078000A8214 /* SwiftButton1 */ = {
			isa = PBXNativeTarget;
			buildConfigurationList = 118FED3C2422207D000A8214 /* Build configuration list for PBXNativeTarget "SwiftButton1" */;
			buildPhases = (
				118FED2424222078000A8214 /* Sources */,
				118FED2524222078000A8214 /* Frameworks */,
				118FED2624222078000A8214 /* Resources */,
			);
			buildRules = (
			);
			dependencies = (
			);
			name = SwiftButton1;
			productName = SwiftButton1;
			productReference = 118FED2824222078000A8214 /* SwiftButton1.app */;
			productType = "com.apple.product-type.application";
		};
/* End PBXNativeTarget section */

/* Begin PBXProject section */
		118FED2024222078000A8214 /* Project object */ = {
			isa = PBXProject;
			attributes = {
				LastSwiftUpdateCheck = 1130;
				LastUpgradeCheck = 1130;
				ORGANIZATIONNAME = "Yusuke Kawabata";
				TargetAttributes = {
					118FED2724222078000A8214 = {
						CreatedOnToolsVersion = 11.3.1;
					};
				};
			};
			buildConfigurationList = 118FED2324222078000A8214 /* Build configuration list for PBXProject "SwiftButton1" */;
			compatibilityVersion = "Xcode 9.3";
			developmentRegion = en;
			hasScannedForEncodings = 0;
			knownRegions = (
				en,
				Base,
			);
			mainGroup = 118FED1F24222078000A8214;
			productRefGroup = 118FED2924222078000A8214 /* Products */;
			projectDirPath = "";
			projectRoot = "";
			targets = (
				118FED2724222078000A8214 /* SwiftButton1 */,
			);
		};
/* End PBXProject section */

/* Begin PBXResourcesBuildPhase section */
		118FED2624222078000A8214 /* Resources */ = {
			isa = PBXResourcesBuildPhase;
			buildActionMask = 2147483647;
			files = (
				118FED4224222270000A8214 /* key.png in Resources */,
				118FED4124222270000A8214 /* setting.png in Resources */,
				118FED382422207D000A8214 /* LaunchScreen.storyboard in Resources */,
				118FED352422207D000A8214 /* Assets.xcassets in Resources */,
				118FED3324222078000A8214 /* Main.storyboard in Resources */,
			);
			runOnlyForDeploymentPostprocessing = 0;
		};
/* End PBXResourcesBuildPhase section */

/* Begin PBXSourcesBuildPhase section */
		118FED2424222078000A8214 /* Sources */ = {
			isa = PBXSourcesBuildPhase;
			buildActionMask = 2147483647;
			files = (
				118FED3024222078000A8214 /* ViewController.swift in Sources */,
				118FED2C24222078000A8214 /* AppDelegate.swift in Sources */,
				118FED2E24222078000A8214 /* SceneDelegate.swift in Sources */,
			);
			runOnlyForDeploymentPostprocessing = 0;
		};
/* End PBXSourcesBuildPhase section */

/* Begin PBXVariantGroup section */
		118FED3124222078000A8214 /* Main.storyboard */ = {
			isa = PBXVariantGroup;
			children = (
				118FED3224222078000A8214 /* Base */,
			);
			name = Main.storyboard;
			sourceTree = "<group>";
		};
		118FED362422207D000A8214 /* LaunchScreen.storyboard */ = {
			isa = PBXVariantGroup;
			children = (
				118FED372422207D000A8214 /* Base */,
			);
			name = LaunchScreen.storyboard;
			sourceTree = "<group>";
		};
/* End PBXVariantGroup section */

/* Begin XCBuildConfiguration section */
		118FED3A2422207D000A8214 /* Debug */ = {
			isa = XCBuildConfiguration;
			buildSettings = {
				ALWAYS_SEARCH_USER_PATHS = NO;
				CLANG_ANALYZER_NONNULL = YES;
				CLANG_ANALYZER_NUMBER_OBJECT_CONVERSION = YES_AGGRESSIVE;
				CLANG_CXX_LANGUAGE_STANDARD = "gnu++14";
				CLANG_CXX_LIBRARY = "libc++";
				CLANG_ENABLE_MODULES = YES;
				CLANG_ENABLE_OBJC_ARC = YES;
				CLANG_ENABLE_OBJC_WEAK = YES;
				CLANG_WARN_BLOCK_CAPTURE_AUTORELEASING = YES;
				CLANG_WARN_BOOL_CONVERSION = YES;
				CLANG_WARN_COMMA = YES;
				CLANG_WARN_CONSTANT_CONVERSION = YES;
				CLANG_WARN_DEPRECATED_OBJC_IMPLEMENTATIONS = YES;
				CLANG_WARN_DIRECT_OBJC_ISA_USAGE = YES_ERROR;
				CLANG_WARN_DOCUMENTATION_COMMENTS = YES;
				CLANG_WARN_EMPTY_BODY = YES;
				CLANG_WARN_ENUM_CONVERSION = YES;
				CLANG_WARN_INFINITE_RECURSION = YES;
				CLANG_WARN_INT_CONVERSION = YES;
				CLANG_WARN_NON_LITERAL_NULL_CONVERSION = YES;
				CLANG_WARN_OBJC_IMPLICIT_RETAIN_SELF = YES;
				CLANG_WARN_OBJC_LITERAL_CONVERSION = YES;
				CLANG_WARN_OBJC_ROOT_CLASS = YES_ERROR;
				CLANG_WARN_RANGE_LOOP_ANALYSIS = YES;
				CLANG_WARN_STRICT_PROTOTYPES = YES;
				CLANG_WARN_SUSPICIOUS_MOVE = YES;
				CLANG_WARN_UNGUARDED_AVAILABILITY = YES_AGGRESSIVE;
				CLANG_WARN_UNREACHABLE_CODE = YES;
				CLANG_WARN__DUPLICATE_METHOD_MATCH = YES;
				COPY_PHASE_STRIP = NO;
				DEBUG_INFORMATION_FORMAT = dwarf;
				ENABLE_STRICT_OBJC_MSGSEND = YES;
				ENABLE_TESTABILITY = YES;
				GCC_C_LANGUAGE_STANDARD = gnu11;
				GCC_DYNAMIC_NO_PIC = NO;
				GCC_NO_COMMON_BLOCKS = YES;
				GCC_OPTIMIZATION_LEVEL = 0;
				GCC_PREPROCESSOR_DEFINITIONS = (
					"DEBUG=1",
					"$(inherited)",
				);
				GCC_WARN_64_TO_32_BIT_CONVERSION = YES;
				GCC_WARN_ABOUT_RETURN_TYPE = YES_ERROR;
				GCC_WARN_UNDECLARED_SELECTOR = YES;
				GCC_WARN_UNINITIALIZED_AUTOS = YES_AGGRESSIVE;
				GCC_WARN_UNUSED_FUNCTION = YES;
				GCC_WARN_UNUSED_VARIABLE = YES;
				IPHONEOS_DEPLOYMENT_TARGET = 13.2;
				MTL_ENABLE_DEBUG_INFO = INCLUDE_SOURCE;
				MTL_FAST_MATH = YES;
				ONLY_ACTIVE_ARCH = YES;
				SDKROOT = iphoneos;
				SWIFT_ACTIVE_COMPILATION_CONDITIONS = DEBUG;
				SWIFT_OPTIMIZATION_LEVEL = "-Onone";
			};
			name = Debug;
		};
		118FED3B2422207D000A8214 /* Release */ = {
			isa = XCBuildConfiguration;
			buildSettings = {
				ALWAYS_SEARCH_USER_PATHS = NO;
				CLANG_ANALYZER_NONNULL = YES;
				CLANG_ANALYZER_NUMBER_OBJECT_CONVERSION = YES_AGGRESSIVE;
				CLANG_CXX_LANGUAGE_STANDARD = "gnu++14";
				CLANG_CXX_LIBRARY = "libc++";
				CLANG_ENABLE_MODULES = YES;
				CLANG_ENABLE_OBJC_ARC = YES;
				CLANG_ENABLE_OBJC_WEAK = YES;
				CLANG_WARN_BLOCK_CAPTURE_AUTORELEASING = YES;
				CLANG_WARN_BOOL_CONVERSION = YES;
				CLANG_WARN_COMMA = YES;
				CLANG_WARN_CONSTANT_CONVERSION = YES;
				CLANG_WARN_DEPRECATED_OBJC_IMPLEMENTATIONS = YES;
				CLANG_WARN_DIRECT_OBJC_ISA_USAGE = YES_ERROR;
				CLANG_WARN_DOCUMENTATION_COMMENTS = YES;
				CLANG_WARN_EMPTY_BODY = YES;
				CLANG_WARN_ENUM_CONVERSION = YES;
				CLANG_WARN_INFINITE_RECURSION = YES;
				CLANG_WARN_INT_CONVERSION = YES;
				CLANG_WARN_NON_LITERAL_NULL_CONVERSION = YES;
				CLANG_WARN_OBJC_IMPLICIT_RETAIN_SELF = YES;
				CLANG_WARN_OBJC_LITERAL_CONVERSION = YES;
				CLANG_WARN_OBJC_ROOT_CLASS = YES_ERROR;
				CLANG_WARN_RANGE_LOOP_ANALYSIS = YES;
				CLANG_WARN_STRICT_PROTOTYPES = YES;
				CLANG_WARN_SUSPICIOUS_MOVE = YES;
				CLANG_WARN_UNGUARDED_AVAILABILITY = YES_AGGRESSIVE;
				CLANG_WARN_UNREACHABLE_CODE = YES;
				CLANG_WARN__DUPLICATE_METHOD_MATCH = YES;
				COPY_PHASE_STRIP = NO;
				DEBUG_INFORMATION_FORMAT = "dwarf-with-dsym";
				ENABLE_NS_ASSERTIONS = NO;
				ENABLE_STRICT_OBJC_MSGSEND = YES;
				GCC_C_LANGUAGE_STANDARD = gnu11;
				GCC_NO_COMMON_BLOCKS = YES;
				GCC_WARN_64_TO_32_BIT_CONVERSION = YES;
				GCC_WARN_ABOUT_RETURN_TYPE = YES_ERROR;
				GCC_WARN_UNDECLARED_SELECTOR = YES;
				GCC_WARN_UNINITIALIZED_AUTOS = YES_AGGRESSIVE;
				GCC_WARN_UNUSED_FUNCTION = YES;
				GCC_WARN_UNUSED_VARIABLE = YES;
				IPHONEOS_DEPLOYMENT_TARGET = 13.2;
				MTL_ENABLE_DEBUG_INFO = NO;
				MTL_FAST_MATH = YES;
				SDKROOT = iphoneos;
				SWIFT_COMPILATION_MODE = wholemodule;
				SWIFT_OPTIMIZATION_LEVEL = "-O";
				VALIDATE_PRODUCT = YES;
			};
			name = Release;
		};
		118FED3D2422207D000A8214 /* Debug */ = {
			isa = XCBuildConfiguration;
			buildSettings = {
				ASSETCATALOG_COMPILER_APPICON_NAME = AppIcon;
				CODE_SIGN_STYLE = Automatic;
				INFOPLIST_FILE = SwiftButton1/Info.plist;
				LD_RUNPATH_SEARCH_PATHS = (
					"$(inherited)",
					"@executable_path/Frameworks",
				);
				PRODUCT_BUNDLE_IDENTIFIER = com.yusukeudemy.SwiftButton1;
				PRODUCT_NAME = "$(TARGET_NAME)";
				SWIFT_VERSION = 5.0;
				TARGETED_DEVICE_FAMILY = "1,2";
			};
			name = Debug;
		};
		118FED3E2422207D000A8214 /* Release */ = {
			isa = XCBuildConfiguration;
			buildSettings = {
				ASSETCATALOG_COMPILER_APPICON_NAME = AppIcon;
				CODE_SIGN_STYLE = Automatic;
				INFOPLIST_FILE = SwiftButton1/Info.plist;
				LD_RUNPATH_SEARCH_PATHS = (
					"$(inherited)",
					"@executable_path/Frameworks",
				);
				PRODUCT_BUNDLE_IDENTIFIER = com.yusukeudemy.SwiftButton1;
				PRODUCT_NAME = "$(TARGET_NAME)";
				SWIFT_VERSION = 5.0;
				TARGETED_DEVICE_FAMILY = "1,2";
			};
			name = Release;
		};
/* End XCBuildConfiguration section */

/* Begin XCConfigurationList section */
		118FED2324222078000A8214 /* Build configuration list for PBXProject "SwiftButton1" */ = {
			isa = XCConfigurationList;
			buildConfigurations = (
				118FED3A2422207D000A8214 /* Debug */,
				118FED3B2422207D000A8214 /* Release */,
			);
			defaultConfigurationIsVisible = 0;
			defaultConfigurationName = Release;
		};
		118FED3C2422207D000A8214 /* Build configuration list for PBXNativeTarget "SwiftButton1" */ = {
			isa = XCConfigurationList;
			buildConfigurations = (
				118FED3D2422207D000A8214 /* Debug */,
				118FED3E2422207D000A8214 /* Release */,
			);
			defaultConfigurationIsVisible = 0;
			defaultConfigurationName = Release;
		};
/* End XCConfigurationList section */
	};
	rootObject = 118FED2024222078000A8214 /* Project object */;
}
