// !$*UTF8*$!
{
	archiveVersion = 1;
	classes = {
	};
	objectVersion = 50;
	objects = {

/* Begin PBXBuildFile section */
		115F7B7124237209007E2FA6 /* AppDelegate.swift in Sources */ = {isa = PBXBuildFile; fileRef = 115F7B7024237209007E2FA6 /* AppDelegate.swift */; };
		115F7B7324237209007E2FA6 /* SceneDelegate.swift in Sources */ = {isa = PBXBuildFile; fileRef = 115F7B7224237209007E2FA6 /* SceneDelegate.swift */; };
		115F7B7524237209007E2FA6 /* ViewController.swift in Sources */ = {isa = PBXBuildFile; fileRef = 115F7B7424237209007E2FA6 /* ViewController.swift */; };
		115F7B7824237209007E2FA6 /* Main.storyboard in Resources */ = {isa = PBXBuildFile; fileRef = 115F7B7624237209007E2FA6 /* Main.storyboard */; };
		115F7B7A2423720B007E2FA6 /* Assets.xcassets in Resources */ = {isa = PBXBuildFile; fileRef = 115F7B792423720B007E2FA6 /* Assets.xcassets */; };
		115F7B7D2423720B007E2FA6 /* LaunchScreen.storyboard in Resources */ = {isa = PBXBuildFile; fileRef = 115F7B7B2423720B007E2FA6 /* LaunchScreen.storyboard */; };
		115F7B8C242373CC007E2FA6 /* dash5.png in Resources */ = {isa = PBXBuildFile; fileRef = 115F7B84242373CC007E2FA6 /* dash5.png */; };
		115F7B8D242373CC007E2FA6 /* dash1.png in Resources */ = {isa = PBXBuildFile; fileRef = 115F7B85242373CC007E2FA6 /* dash1.png */; };
		115F7B8E242373CC007E2FA6 /* start.png in Resources */ = {isa = PBXBuildFile; fileRef = 115F7B86242373CC007E2FA6 /* start.png */; };
		115F7B8F242373CC007E2FA6 /* dash3.png in Resources */ = {isa = PBXBuildFile; fileRef = 115F7B87242373CC007E2FA6 /* dash3.png */; };
		115F7B90242373CC007E2FA6 /* dash0.png in Resources */ = {isa = PBXBuildFile; fileRef = 115F7B88242373CC007E2FA6 /* dash0.png */; };
		115F7B91242373CC007E2FA6 /* dash4.png in Resources */ = {isa = PBXBuildFile; fileRef = 115F7B89242373CC007E2FA6 /* dash4.png */; };
		115F7B92242373CC007E2FA6 /* dash2.png in Resources */ = {isa = PBXBuildFile; fileRef = 115F7B8A242373CC007E2FA6 /* dash2.png */; };
		115F7B93242373CC007E2FA6 /* stop.png in Resources */ = {isa = PBXBuildFile; fileRef = 115F7B8B242373CC007E2FA6 /* stop.png */; };
/* End PBXBuildFile section */

/* Begin PBXFileReference section */
		115F7B6D24237209007E2FA6 /* Swift4Manga1.app */ = {isa = PBXFileReference; explicitFileType = wrapper.application; includeInIndex = 0; path = Swift4Manga1.app; sourceTree = BUILT_PRODUCTS_DIR; };
		115F7B7024237209007E2FA6 /* AppDelegate.swift */ = {isa = PBXFileReference; lastKnownFileType = sourcecode.swift; path = AppDelegate.swift; sourceTree = "<group>"; };
		115F7B7224237209007E2FA6 /* SceneDelegate.swift */ = {isa = PBXFileReference; lastKnownFileType = sourcecode.swift; path = SceneDelegate.swift; sourceTree = "<group>"; };
		115F7B7424237209007E2FA6 /* ViewController.swift */ = {isa = PBXFileReference; lastKnownFileType = sourcecode.swift; path = ViewController.swift; sourceTree = "<group>"; };
		115F7B7724237209007E2FA6 /* Base */ = {isa = PBXFileReference; lastKnownFileType = file.storyboard; name = Base; path = Base.lproj/Main.storyboard; sourceTree = "<group>"; };
		115F7B792423720B007E2FA6 /* Assets.xcassets */ = {isa = PBXFileReference; lastKnownFileType = folder.assetcatalog; path = Assets.xcassets; sourceTree = "<group>"; };
		115F7B7C2423720B007E2FA6 /* Base */ = {isa = PBXFileReference; lastKnownFileType = file.storyboard; name = Base; path = Base.lproj/LaunchScreen.storyboard; sourceTree = "<group>"; };
		115F7B7E2423720B007E2FA6 /* Info.plist */ = {isa = PBXFileReference; lastKnownFileType = text.plist.xml; path = Info.plist; sourceTree = "<group>"; };
		115F7B84242373CC007E2FA6 /* dash5.png */ = {isa = PBXFileReference; lastKnownFileType = image.png; path = dash5.png; sourceTree = "<group>"; };
		115F7B85242373CC007E2FA6 /* dash1.png */ = {isa = PBXFileReference; lastKnownFileType = image.png; path = dash1.png; sourceTree = "<group>"; };
		115F7B86242373CC007E2FA6 /* start.png */ = {isa = PBXFileReference; lastKnownFileType = image.png; path = start.png; sourceTree = "<group>"; };
		115F7B87242373CC007E2FA6 /* dash3.png */ = {isa = PBXFileReference; lastKnownFileType = image.png; path = dash3.png; sourceTree = "<group>"; };
		115F7B88242373CC007E2FA6 /* dash0.png */ = {isa = PBXFileReference; lastKnownFileType = image.png; path = dash0.png; sourceTree = "<group>"; };
		115F7B89242373CC007E2FA6 /* dash4.png */ = {isa = PBXFileReference; lastKnownFileType = image.png; path = dash4.png; sourceTree = "<group>"; };
		115F7B8A242373CC007E2FA6 /* dash2.png */ = {isa = PBXFileReference; lastKnownFileType = image.png; path = dash2.png; sourceTree = "<group>"; };
		115F7B8B242373CC007E2FA6 /* stop.png */ = {isa = PBXFileReference; lastKnownFileType = image.png; path = stop.png; sourceTree = "<group>"; };
/* End PBXFileReference section */

/* Begin PBXFrameworksBuildPhase section */
		115F7B6A24237209007E2FA6 /* Frameworks */ = {
			isa = PBXFrameworksBuildPhase;
			buildActionMask = 2147483647;
			files = (
			);
			runOnlyForDeploymentPostprocessing = 0;
		};
/* End PBXFrameworksBuildPhase section */

/* Begin PBXGroup section */
		115F7B6424237209007E2FA6 = {
			isa = PBXGroup;
			children = (
				115F7B6F24237209007E2FA6 /* Swift4Manga1 */,
				115F7B6E24237209007E2FA6 /* Products */,
			);
			sourceTree = "<group>";
		};
		115F7B6E24237209007E2FA6 /* Products */ = {
			isa = PBXGroup;
			children = (
				115F7B6D24237209007E2FA6 /* Swift4Manga1.app */,
			);
			name = Products;
			sourceTree = "<group>";
		};
		115F7B6F24237209007E2FA6 /* Swift4Manga1 */ = {
			isa = PBXGroup;
			children = (
				115F7B88242373CC007E2FA6 /* dash0.png */,
				115F7B85242373CC007E2FA6 /* dash1.png */,
				115F7B8A242373CC007E2FA6 /* dash2.png */,
				115F7B87242373CC007E2FA6 /* dash3.png */,
				115F7B89242373CC007E2FA6 /* dash4.png */,
				115F7B84242373CC007E2FA6 /* dash5.png */,
				115F7B86242373CC007E2FA6 /* start.png */,
				115F7B8B242373CC007E2FA6 /* stop.png */,
				115F7B7024237209007E2FA6 /* AppDelegate.swift */,
				115F7B7224237209007E2FA6 /* SceneDelegate.swift */,
				115F7B7424237209007E2FA6 /* ViewController.swift */,
				115F7B7624237209007E2FA6 /* Main.storyboard */,
				115F7B792423720B007E2FA6 /* Assets.xcassets */,
				115F7B7B2423720B007E2FA6 /* LaunchScreen.storyboard */,
				115F7B7E2423720B007E2FA6 /* Info.plist */,
			);
			path = Swift4Manga1;
			sourceTree = "<group>";
		};
/* End PBXGroup section */

/* Begin PBXNativeTarget section */
		115F7B6C24237209007E2FA6 /* Swift4Manga1 */ = {
			isa = PBXNativeTarget;
			buildConfigurationList = 115F7B812423720B007E2FA6 /* Build configuration list for PBXNativeTarget "Swift4Manga1" */;
			buildPhases = (
				115F7B6924237209007E2FA6 /* Sources */,
				115F7B6A24237209007E2FA6 /* Frameworks */,
				115F7B6B24237209007E2FA6 /* Resources */,
			);
			buildRules = (
			);
			dependencies = (
			);
			name = Swift4Manga1;
			productName = Swift4Manga1;
			productReference = 115F7B6D24237209007E2FA6 /* Swift4Manga1.app */;
			productType = "com.apple.product-type.application";
		};
/* End PBXNativeTarget section */

/* Begin PBXProject section */
		115F7B6524237209007E2FA6 /* Project object */ = {
			isa = PBXProject;
			attributes = {
				LastSwiftUpdateCheck = 1130;
				LastUpgradeCheck = 1130;
				ORGANIZATIONNAME = "Yusuke Kawabata";
				TargetAttributes = {
					115F7B6C24237209007E2FA6 = {
						CreatedOnToolsVersion = 11.3.1;
					};
				};
			};
			buildConfigurationList = 115F7B6824237209007E2FA6 /* Build configuration list for PBXProject "Swift4Manga1" */;
			compatibilityVersion = "Xcode 9.3";
			developmentRegion = en;
			hasScannedForEncodings = 0;
			knownRegions = (
				en,
				Base,
			);
			mainGroup = 115F7B6424237209007E2FA6;
			productRefGroup = 115F7B6E24237209007E2FA6 /* Products */;
			projectDirPath = "";
			projectRoot = "";
			targets = (
				115F7B6C24237209007E2FA6 /* Swift4Manga1 */,
			);
		};
/* End PBXProject section */

/* Begin PBXResourcesBuildPhase section */
		115F7B6B24237209007E2FA6 /* Resources */ = {
			isa = PBXResourcesBuildPhase;
			buildActionMask = 2147483647;
			files = (
				115F7B7D2423720B007E2FA6 /* LaunchScreen.storyboard in Resources */,
				115F7B8C242373CC007E2FA6 /* dash5.png in Resources */,
				115F7B93242373CC007E2FA6 /* stop.png in Resources */,
				115F7B92242373CC007E2FA6 /* dash2.png in Resources */,
				115F7B7A2423720B007E2FA6 /* Assets.xcassets in Resources */,
				115F7B7824237209007E2FA6 /* Main.storyboard in Resources */,
				115F7B90242373CC007E2FA6 /* dash0.png in Resources */,
				115F7B8F242373CC007E2FA6 /* dash3.png in Resources */,
				115F7B8E242373CC007E2FA6 /* start.png in Resources */,
				115F7B91242373CC007E2FA6 /* dash4.png in Resources */,
				115F7B8D242373CC007E2FA6 /* dash1.png in Resources */,
			);
			runOnlyForDeploymentPostprocessing = 0;
		};
/* End PBXResourcesBuildPhase section */

/* Begin PBXSourcesBuildPhase section */
		115F7B6924237209007E2FA6 /* Sources */ = {
			isa = PBXSourcesBuildPhase;
			buildActionMask = 2147483647;
			files = (
				115F7B7524237209007E2FA6 /* ViewController.swift in Sources */,
				115F7B7124237209007E2FA6 /* AppDelegate.swift in Sources */,
				115F7B7324237209007E2FA6 /* SceneDelegate.swift in Sources */,
			);
			runOnlyForDeploymentPostprocessing = 0;
		};
/* End PBXSourcesBuildPhase section */

/* Begin PBXVariantGroup section */
		115F7B7624237209007E2FA6 /* Main.storyboard */ = {
			isa = PBXVariantGroup;
			children = (
				115F7B7724237209007E2FA6 /* Base */,
			);
			name = Main.storyboard;
			sourceTree = "<group>";
		};
		115F7B7B2423720B007E2FA6 /* LaunchScreen.storyboard */ = {
			isa = PBXVariantGroup;
			children = (
				115F7B7C2423720B007E2FA6 /* Base */,
			);
			name = LaunchScreen.storyboard;
			sourceTree = "<group>";
		};
/* End PBXVariantGroup section */

/* Begin XCBuildConfiguration section */
		115F7B7F2423720B007E2FA6 /* Debug */ = {
			isa = XCBuildConfiguration;
			buildSettings = {
				ALWAYS_SEARCH_USER_PATHS = NO;
				CLANG_ANALYZER_NONNULL = YES;
				CLANG_ANALYZER_NUMBER_OBJECT_CONVERSION = YES_AGGRESSIVE;
				CLANG_CXX_LANGUAGE_STANDARD = "gnu++14";
				CLANG_CXX_LIBRARY = "libc++";
				CLANG_ENABLE_MODULES = YES;
				CLANG_ENABLE_OBJC_ARC = YES;
				CLANG_ENABLE_OBJC_WEAK = YES;
				CLANG_WARN_BLOCK_CAPTURE_AUTORELEASING = YES;
				CLANG_WARN_BOOL_CONVERSION = YES;
				CLANG_WARN_COMMA = YES;
				CLANG_WARN_CONSTANT_CONVERSION = YES;
				CLANG_WARN_DEPRECATED_OBJC_IMPLEMENTATIONS = YES;
				CLANG_WARN_DIRECT_OBJC_ISA_USAGE = YES_ERROR;
				CLANG_WARN_DOCUMENTATION_COMMENTS = YES;
				CLANG_WARN_EMPTY_BODY = YES;
				CLANG_WARN_ENUM_CONVERSION = YES;
				CLANG_WARN_INFINITE_RECURSION = YES;
				CLANG_WARN_INT_CONVERSION = YES;
				CLANG_WARN_NON_LITERAL_NULL_CONVERSION = YES;
				CLANG_WARN_OBJC_IMPLICIT_RETAIN_SELF = YES;
				CLANG_WARN_OBJC_LITERAL_CONVERSION = YES;
				CLANG_WARN_OBJC_ROOT_CLASS = YES_ERROR;
				CLANG_WARN_RANGE_LOOP_ANALYSIS = YES;
				CLANG_WARN_STRICT_PROTOTYPES = YES;
				CLANG_WARN_SUSPICIOUS_MOVE = YES;
				CLANG_WARN_UNGUARDED_AVAILABILITY = YES_AGGRESSIVE;
				CLANG_WARN_UNREACHABLE_CODE = YES;
				CLANG_WARN__DUPLICATE_METHOD_MATCH = YES;
				COPY_PHASE_STRIP = NO;
				DEBUG_INFORMATION_FORMAT = dwarf;
				ENABLE_STRICT_OBJC_MSGSEND = YES;
				ENABLE_TESTABILITY = YES;
				GCC_C_LANGUAGE_STANDARD = gnu11;
				GCC_DYNAMIC_NO_PIC = NO;
				GCC_NO_COMMON_BLOCKS = YES;
				GCC_OPTIMIZATION_LEVEL = 0;
				GCC_PREPROCESSOR_DEFINITIONS = (
					"DEBUG=1",
					"$(inherited)",
				);
				GCC_WARN_64_TO_32_BIT_CONVERSION = YES;
				GCC_WARN_ABOUT_RETURN_TYPE = YES_ERROR;
				GCC_WARN_UNDECLARED_SELECTOR = YES;
				GCC_WARN_UNINITIALIZED_AUTOS = YES_AGGRESSIVE;
				GCC_WARN_UNUSED_FUNCTION = YES;
				GCC_WARN_UNUSED_VARIABLE = YES;
				IPHONEOS_DEPLOYMENT_TARGET = 13.2;
				MTL_ENABLE_DEBUG_INFO = INCLUDE_SOURCE;
				MTL_FAST_MATH = YES;
				ONLY_ACTIVE_ARCH = YES;
				SDKROOT = iphoneos;
				SWIFT_ACTIVE_COMPILATION_CONDITIONS = DEBUG;
				SWIFT_OPTIMIZATION_LEVEL = "-Onone";
			};
			name = Debug;
		};
		115F7B802423720B007E2FA6 /* Release */ = {
			isa = XCBuildConfiguration;
			buildSettings = {
				ALWAYS_SEARCH_USER_PATHS = NO;
				CLANG_ANALYZER_NONNULL = YES;
				CLANG_ANALYZER_NUMBER_OBJECT_CONVERSION = YES_AGGRESSIVE;
				CLANG_CXX_LANGUAGE_STANDARD = "gnu++14";
				CLANG_CXX_LIBRARY = "libc++";
				CLANG_ENABLE_MODULES = YES;
				CLANG_ENABLE_OBJC_ARC = YES;
				CLANG_ENABLE_OBJC_WEAK = YES;
				CLANG_WARN_BLOCK_CAPTURE_AUTORELEASING = YES;
				CLANG_WARN_BOOL_CONVERSION = YES;
				CLANG_WARN_COMMA = YES;
				CLANG_WARN_CONSTANT_CONVERSION = YES;
				CLANG_WARN_DEPRECATED_OBJC_IMPLEMENTATIONS = YES;
				CLANG_WARN_DIRECT_OBJC_ISA_USAGE = YES_ERROR;
				CLANG_WARN_DOCUMENTATION_COMMENTS = YES;
				CLANG_WARN_EMPTY_BODY = YES;
				CLANG_WARN_ENUM_CONVERSION = YES;
				CLANG_WARN_INFINITE_RECURSION = YES;
				CLANG_WARN_INT_CONVERSION = YES;
				CLANG_WARN_NON_LITERAL_NULL_CONVERSION = YES;
				CLANG_WARN_OBJC_IMPLICIT_RETAIN_SELF = YES;
				CLANG_WARN_OBJC_LITERAL_CONVERSION = YES;
				CLANG_WARN_OBJC_ROOT_CLASS = YES_ERROR;
				CLANG_WARN_RANGE_LOOP_ANALYSIS = YES;
				CLANG_WARN_STRICT_PROTOTYPES = YES;
				CLANG_WARN_SUSPICIOUS_MOVE = YES;
				CLANG_WARN_UNGUARDED_AVAILABILITY = YES_AGGRESSIVE;
				CLANG_WARN_UNREACHABLE_CODE = YES;
				CLANG_WARN__DUPLICATE_METHOD_MATCH = YES;
				COPY_PHASE_STRIP = NO;
				DEBUG_INFORMATION_FORMAT = "dwarf-with-dsym";
				ENABLE_NS_ASSERTIONS = NO;
				ENABLE_STRICT_OBJC_MSGSEND = YES;
				GCC_C_LANGUAGE_STANDARD = gnu11;
				GCC_NO_COMMON_BLOCKS = YES;
				GCC_WARN_64_TO_32_BIT_CONVERSION = YES;
				GCC_WARN_ABOUT_RETURN_TYPE = YES_ERROR;
				GCC_WARN_UNDECLARED_SELECTOR = YES;
				GCC_WARN_UNINITIALIZED_AUTOS = YES_AGGRESSIVE;
				GCC_WARN_UNUSED_FUNCTION = YES;
				GCC_WARN_UNUSED_VARIABLE = YES;
				IPHONEOS_DEPLOYMENT_TARGET = 13.2;
				MTL_ENABLE_DEBUG_INFO = NO;
				MTL_FAST_MATH = YES;
				SDKROOT = iphoneos;
				SWIFT_COMPILATION_MODE = wholemodule;
				SWIFT_OPTIMIZATION_LEVEL = "-O";
				VALIDATE_PRODUCT = YES;
			};
			name = Release;
		};
		115F7B822423720B007E2FA6 /* Debug */ = {
			isa = XCBuildConfiguration;
			buildSettings = {
				ASSETCATALOG_COMPILER_APPICON_NAME = AppIcon;
				CODE_SIGN_STYLE = Automatic;
				INFOPLIST_FILE = Swift4Manga1/Info.plist;
				LD_RUNPATH_SEARCH_PATHS = (
					"$(inherited)",
					"@executable_path/Frameworks",
				);
				PRODUCT_BUNDLE_IDENTIFIER = com.yusukeudemy.Swift4Manga1;
				PRODUCT_NAME = "$(TARGET_NAME)";
				SWIFT_VERSION = 5.0;
				TARGETED_DEVICE_FAMILY = "1,2";
			};
			name = Debug;
		};
		115F7B832423720B007E2FA6 /* Release */ = {
			isa = XCBuildConfiguration;
			buildSettings = {
				ASSETCATALOG_COMPILER_APPICON_NAME = AppIcon;
				CODE_SIGN_STYLE = Automatic;
				INFOPLIST_FILE = Swift4Manga1/Info.plist;
				LD_RUNPATH_SEARCH_PATHS = (
					"$(inherited)",
					"@executable_path/Frameworks",
				);
				PRODUCT_BUNDLE_IDENTIFIER = com.yusukeudemy.Swift4Manga1;
				PRODUCT_NAME = "$(TARGET_NAME)";
				SWIFT_VERSION = 5.0;
				TARGETED_DEVICE_FAMILY = "1,2";
			};
			name = Release;
		};
/* End XCBuildConfiguration section */

/* Begin XCConfigurationList section */
		115F7B6824237209007E2FA6 /* Build configuration list for PBXProject "Swift4Manga1" */ = {
			isa = XCConfigurationList;
			buildConfigurations = (
				115F7B7F2423720B007E2FA6 /* Debug */,
				115F7B802423720B007E2FA6 /* Release */,
			);
			defaultConfigurationIsVisible = 0;
			defaultConfigurationName = Release;
		};
		115F7B812423720B007E2FA6 /* Build configuration list for PBXNativeTarget "Swift4Manga1" */ = {
			isa = XCConfigurationList;
			buildConfigurations = (
				115F7B822423720B007E2FA6 /* Debug */,
				115F7B832423720B007E2FA6 /* Release */,
			);
			defaultConfigurationIsVisible = 0;
			defaultConfigurationName = Release;
		};
/* End XCConfigurationList section */
	};
	rootObject = 115F7B6524237209007E2FA6 /* Project object */;
}
