// !$*UTF8*$!
{
	archiveVersion = 1;
	classes = {
	};
	objectVersion = 50;
	objects = {

/* Begin PBXBuildFile section */
		1119ED8F2425E987002F1F46 /* SoundViewController.swift in Sources */ = {isa = PBXBuildFile; fileRef = 1119ED8E2425E987002F1F46 /* SoundViewController.swift */; };
		1176B1992426DBD700082773 /* AVFoundation.framework in Frameworks */ = {isa = PBXBuildFile; fileRef = 1176B1982426DBD700082773 /* AVFoundation.framework */; };
		118ED1D02425A21500357DD7 /* AppDelegate.swift in Sources */ = {isa = PBXBuildFile; fileRef = 118ED1CF2425A21500357DD7 /* AppDelegate.swift */; };
		118ED1D22425A21500357DD7 /* SceneDelegate.swift in Sources */ = {isa = PBXBuildFile; fileRef = 118ED1D12425A21500357DD7 /* SceneDelegate.swift */; };
		118ED1D42425A21500357DD7 /* ViewController.swift in Sources */ = {isa = PBXBuildFile; fileRef = 118ED1D32425A21500357DD7 /* ViewController.swift */; };
		118ED1D72425A21500357DD7 /* Main.storyboard in Resources */ = {isa = PBXBuildFile; fileRef = 118ED1D52425A21500357DD7 /* Main.storyboard */; };
		118ED1D92425A21A00357DD7 /* Assets.xcassets in Resources */ = {isa = PBXBuildFile; fileRef = 118ED1D82425A21A00357DD7 /* Assets.xcassets */; };
		118ED1DC2425A21A00357DD7 /* LaunchScreen.storyboard in Resources */ = {isa = PBXBuildFile; fileRef = 118ED1DA2425A21A00357DD7 /* LaunchScreen.storyboard */; };
		118ED1EB2425A25F00357DD7 /* call.png in Resources */ = {isa = PBXBuildFile; fileRef = 118ED1E32425A25E00357DD7 /* call.png */; };
		118ED1EC2425A25F00357DD7 /* callMusic.mp3 in Resources */ = {isa = PBXBuildFile; fileRef = 118ED1E42425A25E00357DD7 /* callMusic.mp3 */; };
		118ED1ED2425A25F00357DD7 /* baby.mp3 in Resources */ = {isa = PBXBuildFile; fileRef = 118ED1E52425A25E00357DD7 /* baby.mp3 */; };
		118ED1EE2425A25F00357DD7 /* callplay1.png in Resources */ = {isa = PBXBuildFile; fileRef = 118ED1E62425A25E00357DD7 /* callplay1.png */; };
		118ED1EF2425A25F00357DD7 /* child.jpg in Resources */ = {isa = PBXBuildFile; fileRef = 118ED1E72425A25E00357DD7 /* child.jpg */; };
		118ED1F02425A25F00357DD7 /* background.jpg in Resources */ = {isa = PBXBuildFile; fileRef = 118ED1E82425A25E00357DD7 /* background.jpg */; };
		118ED1F12425A25F00357DD7 /* callplay2.png in Resources */ = {isa = PBXBuildFile; fileRef = 118ED1E92425A25E00357DD7 /* callplay2.png */; };
/* End PBXBuildFile section */

/* Begin PBXFileReference section */
		1119ED8E2425E987002F1F46 /* SoundViewController.swift */ = {isa = PBXFileReference; lastKnownFileType = sourcecode.swift; path = SoundViewController.swift; sourceTree = "<group>"; };
		1176B1982426DBD700082773 /* AVFoundation.framework */ = {isa = PBXFileReference; lastKnownFileType = wrapper.framework; name = AVFoundation.framework; path = System/Library/Frameworks/AVFoundation.framework; sourceTree = SDKROOT; };
		118ED1CC2425A21500357DD7 /* SwiftMousouLINE1.app */ = {isa = PBXFileReference; explicitFileType = wrapper.application; includeInIndex = 0; path = SwiftMousouLINE1.app; sourceTree = BUILT_PRODUCTS_DIR; };
		118ED1CF2425A21500357DD7 /* AppDelegate.swift */ = {isa = PBXFileReference; lastKnownFileType = sourcecode.swift; path = AppDelegate.swift; sourceTree = "<group>"; };
		118ED1D12425A21500357DD7 /* SceneDelegate.swift */ = {isa = PBXFileReference; lastKnownFileType = sourcecode.swift; path = SceneDelegate.swift; sourceTree = "<group>"; };
		118ED1D32425A21500357DD7 /* ViewController.swift */ = {isa = PBXFileReference; lastKnownFileType = sourcecode.swift; path = ViewController.swift; sourceTree = "<group>"; };
		118ED1D62425A21500357DD7 /* Base */ = {isa = PBXFileReference; lastKnownFileType = file.storyboard; name = Base; path = Base.lproj/Main.storyboard; sourceTree = "<group>"; };
		118ED1D82425A21A00357DD7 /* Assets.xcassets */ = {isa = PBXFileReference; lastKnownFileType = folder.assetcatalog; path = Assets.xcassets; sourceTree = "<group>"; };
		118ED1DB2425A21A00357DD7 /* Base */ = {isa = PBXFileReference; lastKnownFileType = file.storyboard; name = Base; path = Base.lproj/LaunchScreen.storyboard; sourceTree = "<group>"; };
		118ED1DD2425A21A00357DD7 /* Info.plist */ = {isa = PBXFileReference; lastKnownFileType = text.plist.xml; path = Info.plist; sourceTree = "<group>"; };
		118ED1E32425A25E00357DD7 /* call.png */ = {isa = PBXFileReference; lastKnownFileType = image.png; path = call.png; sourceTree = "<group>"; };
		118ED1E42425A25E00357DD7 /* callMusic.mp3 */ = {isa = PBXFileReference; lastKnownFileType = audio.mp3; path = callMusic.mp3; sourceTree = "<group>"; };
		118ED1E52425A25E00357DD7 /* baby.mp3 */ = {isa = PBXFileReference; lastKnownFileType = audio.mp3; path = baby.mp3; sourceTree = "<group>"; };
		118ED1E62425A25E00357DD7 /* callplay1.png */ = {isa = PBXFileReference; lastKnownFileType = image.png; path = callplay1.png; sourceTree = "<group>"; };
		118ED1E72425A25E00357DD7 /* child.jpg */ = {isa = PBXFileReference; lastKnownFileType = image.jpeg; path = child.jpg; sourceTree = "<group>"; };
		118ED1E82425A25E00357DD7 /* background.jpg */ = {isa = PBXFileReference; lastKnownFileType = image.jpeg; path = background.jpg; sourceTree = "<group>"; };
		118ED1E92425A25E00357DD7 /* callplay2.png */ = {isa = PBXFileReference; lastKnownFileType = image.png; path = callplay2.png; sourceTree = "<group>"; };
/* End PBXFileReference section */

/* Begin PBXFrameworksBuildPhase section */
		118ED1C92425A21500357DD7 /* Frameworks */ = {
			isa = PBXFrameworksBuildPhase;
			buildActionMask = 2147483647;
			files = (
				1176B1992426DBD700082773 /* AVFoundation.framework in Frameworks */,
			);
			runOnlyForDeploymentPostprocessing = 0;
		};
/* End PBXFrameworksBuildPhase section */

/* Begin PBXGroup section */
		1176B1972426DBD700082773 /* Frameworks */ = {
			isa = PBXGroup;
			children = (
				1176B1982426DBD700082773 /* AVFoundation.framework */,
			);
			name = Frameworks;
			sourceTree = "<group>";
		};
		118ED1C32425A21500357DD7 = {
			isa = PBXGroup;
			children = (
				118ED1CE2425A21500357DD7 /* SwiftMousouLINE1 */,
				118ED1CD2425A21500357DD7 /* Products */,
				1176B1972426DBD700082773 /* Frameworks */,
			);
			sourceTree = "<group>";
		};
		118ED1CD2425A21500357DD7 /* Products */ = {
			isa = PBXGroup;
			children = (
				118ED1CC2425A21500357DD7 /* SwiftMousouLINE1.app */,
			);
			name = Products;
			sourceTree = "<group>";
		};
		118ED1CE2425A21500357DD7 /* SwiftMousouLINE1 */ = {
			isa = PBXGroup;
			children = (
				118ED1E52425A25E00357DD7 /* baby.mp3 */,
				118ED1E82425A25E00357DD7 /* background.jpg */,
				118ED1E32425A25E00357DD7 /* call.png */,
				118ED1E42425A25E00357DD7 /* callMusic.mp3 */,
				118ED1E62425A25E00357DD7 /* callplay1.png */,
				118ED1E92425A25E00357DD7 /* callplay2.png */,
				118ED1E72425A25E00357DD7 /* child.jpg */,
				118ED1CF2425A21500357DD7 /* AppDelegate.swift */,
				118ED1D12425A21500357DD7 /* SceneDelegate.swift */,
				118ED1D32425A21500357DD7 /* ViewController.swift */,
				1119ED8E2425E987002F1F46 /* SoundViewController.swift */,
				118ED1D52425A21500357DD7 /* Main.storyboard */,
				118ED1D82425A21A00357DD7 /* Assets.xcassets */,
				118ED1DA2425A21A00357DD7 /* LaunchScreen.storyboard */,
				118ED1DD2425A21A00357DD7 /* Info.plist */,
			);
			path = SwiftMousouLINE1;
			sourceTree = "<group>";
		};
/* End PBXGroup section */

/* Begin PBXNativeTarget section */
		118ED1CB2425A21500357DD7 /* SwiftMousouLINE1 */ = {
			isa = PBXNativeTarget;
			buildConfigurationList = 118ED1E02425A21A00357DD7 /* Build configuration list for PBXNativeTarget "SwiftMousouLINE1" */;
			buildPhases = (
				118ED1C82425A21500357DD7 /* Sources */,
				118ED1C92425A21500357DD7 /* Frameworks */,
				118ED1CA2425A21500357DD7 /* Resources */,
			);
			buildRules = (
			);
			dependencies = (
			);
			name = SwiftMousouLINE1;
			productName = SwiftMousouLINE1;
			productReference = 118ED1CC2425A21500357DD7 /* SwiftMousouLINE1.app */;
			productType = "com.apple.product-type.application";
		};
/* End PBXNativeTarget section */

/* Begin PBXProject section */
		118ED1C42425A21500357DD7 /* Project object */ = {
			isa = PBXProject;
			attributes = {
				LastSwiftUpdateCheck = 1130;
				LastUpgradeCheck = 1130;
				ORGANIZATIONNAME = "Yusuke Kawabata";
				TargetAttributes = {
					118ED1CB2425A21500357DD7 = {
						CreatedOnToolsVersion = 11.3.1;
					};
				};
			};
			buildConfigurationList = 118ED1C72425A21500357DD7 /* Build configuration list for PBXProject "SwiftMousouLINE1" */;
			compatibilityVersion = "Xcode 9.3";
			developmentRegion = en;
			hasScannedForEncodings = 0;
			knownRegions = (
				en,
				Base,
			);
			mainGroup = 118ED1C32425A21500357DD7;
			productRefGroup = 118ED1CD2425A21500357DD7 /* Products */;
			projectDirPath = "";
			projectRoot = "";
			targets = (
				118ED1CB2425A21500357DD7 /* SwiftMousouLINE1 */,
			);
		};
/* End PBXProject section */

/* Begin PBXResourcesBuildPhase section */
		118ED1CA2425A21500357DD7 /* Resources */ = {
			isa = PBXResourcesBuildPhase;
			buildActionMask = 2147483647;
			files = (
				118ED1F02425A25F00357DD7 /* background.jpg in Resources */,
				118ED1DC2425A21A00357DD7 /* LaunchScreen.storyboard in Resources */,
				118ED1F12425A25F00357DD7 /* callplay2.png in Resources */,
				118ED1D92425A21A00357DD7 /* Assets.xcassets in Resources */,
				118ED1ED2425A25F00357DD7 /* baby.mp3 in Resources */,
				118ED1EC2425A25F00357DD7 /* callMusic.mp3 in Resources */,
				118ED1EF2425A25F00357DD7 /* child.jpg in Resources */,
				118ED1D72425A21500357DD7 /* Main.storyboard in Resources */,
				118ED1EB2425A25F00357DD7 /* call.png in Resources */,
				118ED1EE2425A25F00357DD7 /* callplay1.png in Resources */,
			);
			runOnlyForDeploymentPostprocessing = 0;
		};
/* End PBXResourcesBuildPhase section */

/* Begin PBXSourcesBuildPhase section */
		118ED1C82425A21500357DD7 /* Sources */ = {
			isa = PBXSourcesBuildPhase;
			buildActionMask = 2147483647;
			files = (
				1119ED8F2425E987002F1F46 /* SoundViewController.swift in Sources */,
				118ED1D42425A21500357DD7 /* ViewController.swift in Sources */,
				118ED1D02425A21500357DD7 /* AppDelegate.swift in Sources */,
				118ED1D22425A21500357DD7 /* SceneDelegate.swift in Sources */,
			);
			runOnlyForDeploymentPostprocessing = 0;
		};
/* End PBXSourcesBuildPhase section */

/* Begin PBXVariantGroup section */
		118ED1D52425A21500357DD7 /* Main.storyboard */ = {
			isa = PBXVariantGroup;
			children = (
				118ED1D62425A21500357DD7 /* Base */,
			);
			name = Main.storyboard;
			sourceTree = "<group>";
		};
		118ED1DA2425A21A00357DD7 /* LaunchScreen.storyboard */ = {
			isa = PBXVariantGroup;
			children = (
				118ED1DB2425A21A00357DD7 /* Base */,
			);
			name = LaunchScreen.storyboard;
			sourceTree = "<group>";
		};
/* End PBXVariantGroup section */

/* Begin XCBuildConfiguration section */
		118ED1DE2425A21A00357DD7 /* Debug */ = {
			isa = XCBuildConfiguration;
			buildSettings = {
				ALWAYS_SEARCH_USER_PATHS = NO;
				CLANG_ANALYZER_NONNULL = YES;
				CLANG_ANALYZER_NUMBER_OBJECT_CONVERSION = YES_AGGRESSIVE;
				CLANG_CXX_LANGUAGE_STANDARD = "gnu++14";
				CLANG_CXX_LIBRARY = "libc++";
				CLANG_ENABLE_MODULES = YES;
				CLANG_ENABLE_OBJC_ARC = YES;
				CLANG_ENABLE_OBJC_WEAK = YES;
				CLANG_WARN_BLOCK_CAPTURE_AUTORELEASING = YES;
				CLANG_WARN_BOOL_CONVERSION = YES;
				CLANG_WARN_COMMA = YES;
				CLANG_WARN_CONSTANT_CONVERSION = YES;
				CLANG_WARN_DEPRECATED_OBJC_IMPLEMENTATIONS = YES;
				CLANG_WARN_DIRECT_OBJC_ISA_USAGE = YES_ERROR;
				CLANG_WARN_DOCUMENTATION_COMMENTS = YES;
				CLANG_WARN_EMPTY_BODY = YES;
				CLANG_WARN_ENUM_CONVERSION = YES;
				CLANG_WARN_INFINITE_RECURSION = YES;
				CLANG_WARN_INT_CONVERSION = YES;
				CLANG_WARN_NON_LITERAL_NULL_CONVERSION = YES;
				CLANG_WARN_OBJC_IMPLICIT_RETAIN_SELF = YES;
				CLANG_WARN_OBJC_LITERAL_CONVERSION = YES;
				CLANG_WARN_OBJC_ROOT_CLASS = YES_ERROR;
				CLANG_WARN_RANGE_LOOP_ANALYSIS = YES;
				CLANG_WARN_STRICT_PROTOTYPES = YES;
				CLANG_WARN_SUSPICIOUS_MOVE = YES;
				CLANG_WARN_UNGUARDED_AVAILABILITY = YES_AGGRESSIVE;
				CLANG_WARN_UNREACHABLE_CODE = YES;
				CLANG_WARN__DUPLICATE_METHOD_MATCH = YES;
				COPY_PHASE_STRIP = NO;
				DEBUG_INFORMATION_FORMAT = dwarf;
				ENABLE_STRICT_OBJC_MSGSEND = YES;
				ENABLE_TESTABILITY = YES;
				GCC_C_LANGUAGE_STANDARD = gnu11;
				GCC_DYNAMIC_NO_PIC = NO;
				GCC_NO_COMMON_BLOCKS = YES;
				GCC_OPTIMIZATION_LEVEL = 0;
				GCC_PREPROCESSOR_DEFINITIONS = (
					"DEBUG=1",
					"$(inherited)",
				);
				GCC_WARN_64_TO_32_BIT_CONVERSION = YES;
				GCC_WARN_ABOUT_RETURN_TYPE = YES_ERROR;
				GCC_WARN_UNDECLARED_SELECTOR = YES;
				GCC_WARN_UNINITIALIZED_AUTOS = YES_AGGRESSIVE;
				GCC_WARN_UNUSED_FUNCTION = YES;
				GCC_WARN_UNUSED_VARIABLE = YES;
				IPHONEOS_DEPLOYMENT_TARGET = 13.2;
				MTL_ENABLE_DEBUG_INFO = INCLUDE_SOURCE;
				MTL_FAST_MATH = YES;
				ONLY_ACTIVE_ARCH = YES;
				SDKROOT = iphoneos;
				SWIFT_ACTIVE_COMPILATION_CONDITIONS = DEBUG;
				SWIFT_OPTIMIZATION_LEVEL = "-Onone";
			};
			name = Debug;
		};
		118ED1DF2425A21A00357DD7 /* Release */ = {
			isa = XCBuildConfiguration;
			buildSettings = {
				ALWAYS_SEARCH_USER_PATHS = NO;
				CLANG_ANALYZER_NONNULL = YES;
				CLANG_ANALYZER_NUMBER_OBJECT_CONVERSION = YES_AGGRESSIVE;
				CLANG_CXX_LANGUAGE_STANDARD = "gnu++14";
				CLANG_CXX_LIBRARY = "libc++";
				CLANG_ENABLE_MODULES = YES;
				CLANG_ENABLE_OBJC_ARC = YES;
				CLANG_ENABLE_OBJC_WEAK = YES;
				CLANG_WARN_BLOCK_CAPTURE_AUTORELEASING = YES;
				CLANG_WARN_BOOL_CONVERSION = YES;
				CLANG_WARN_COMMA = YES;
				CLANG_WARN_CONSTANT_CONVERSION = YES;
				CLANG_WARN_DEPRECATED_OBJC_IMPLEMENTATIONS = YES;
				CLANG_WARN_DIRECT_OBJC_ISA_USAGE = YES_ERROR;
				CLANG_WARN_DOCUMENTATION_COMMENTS = YES;
				CLANG_WARN_EMPTY_BODY = YES;
				CLANG_WARN_ENUM_CONVERSION = YES;
				CLANG_WARN_INFINITE_RECURSION = YES;
				CLANG_WARN_INT_CONVERSION = YES;
				CLANG_WARN_NON_LITERAL_NULL_CONVERSION = YES;
				CLANG_WARN_OBJC_IMPLICIT_RETAIN_SELF = YES;
				CLANG_WARN_OBJC_LITERAL_CONVERSION = YES;
				CLANG_WARN_OBJC_ROOT_CLASS = YES_ERROR;
				CLANG_WARN_RANGE_LOOP_ANALYSIS = YES;
				CLANG_WARN_STRICT_PROTOTYPES = YES;
				CLANG_WARN_SUSPICIOUS_MOVE = YES;
				CLANG_WARN_UNGUARDED_AVAILABILITY = YES_AGGRESSIVE;
				CLANG_WARN_UNREACHABLE_CODE = YES;
				CLANG_WARN__DUPLICATE_METHOD_MATCH = YES;
				COPY_PHASE_STRIP = NO;
				DEBUG_INFORMATION_FORMAT = "dwarf-with-dsym";
				ENABLE_NS_ASSERTIONS = NO;
				ENABLE_STRICT_OBJC_MSGSEND = YES;
				GCC_C_LANGUAGE_STANDARD = gnu11;
				GCC_NO_COMMON_BLOCKS = YES;
				GCC_WARN_64_TO_32_BIT_CONVERSION = YES;
				GCC_WARN_ABOUT_RETURN_TYPE = YES_ERROR;
				GCC_WARN_UNDECLARED_SELECTOR = YES;
				GCC_WARN_UNINITIALIZED_AUTOS = YES_AGGRESSIVE;
				GCC_WARN_UNUSED_FUNCTION = YES;
				GCC_WARN_UNUSED_VARIABLE = YES;
				IPHONEOS_DEPLOYMENT_TARGET = 13.2;
				MTL_ENABLE_DEBUG_INFO = NO;
				MTL_FAST_MATH = YES;
				SDKROOT = iphoneos;
				SWIFT_COMPILATION_MODE = wholemodule;
				SWIFT_OPTIMIZATION_LEVEL = "-O";
				VALIDATE_PRODUCT = YES;
			};
			name = Release;
		};
		118ED1E12425A21A00357DD7 /* Debug */ = {
			isa = XCBuildConfiguration;
			buildSettings = {
				ASSETCATALOG_COMPILER_APPICON_NAME = AppIcon;
				CODE_SIGN_STYLE = Automatic;
				INFOPLIST_FILE = SwiftMousouLINE1/Info.plist;
				LD_RUNPATH_SEARCH_PATHS = (
					"$(inherited)",
					"@executable_path/Frameworks",
				);
				PRODUCT_BUNDLE_IDENTIFIER = com.yusukeudemy.SwiftMousouLINE1;
				PRODUCT_NAME = "$(TARGET_NAME)";
				SWIFT_VERSION = 5.0;
				TARGETED_DEVICE_FAMILY = "1,2";
			};
			name = Debug;
		};
		118ED1E22425A21A00357DD7 /* Release */ = {
			isa = XCBuildConfiguration;
			buildSettings = {
				ASSETCATALOG_COMPILER_APPICON_NAME = AppIcon;
				CODE_SIGN_STYLE = Automatic;
				INFOPLIST_FILE = SwiftMousouLINE1/Info.plist;
				LD_RUNPATH_SEARCH_PATHS = (
					"$(inherited)",
					"@executable_path/Frameworks",
				);
				PRODUCT_BUNDLE_IDENTIFIER = com.yusukeudemy.SwiftMousouLINE1;
				PRODUCT_NAME = "$(TARGET_NAME)";
				SWIFT_VERSION = 5.0;
				TARGETED_DEVICE_FAMILY = "1,2";
			};
			name = Release;
		};
/* End XCBuildConfiguration section */

/* Begin XCConfigurationList section */
		118ED1C72425A21500357DD7 /* Build configuration list for PBXProject "SwiftMousouLINE1" */ = {
			isa = XCConfigurationList;
			buildConfigurations = (
				118ED1DE2425A21A00357DD7 /* Debug */,
				118ED1DF2425A21A00357DD7 /* Release */,
			);
			defaultConfigurationIsVisible = 0;
			defaultConfigurationName = Release;
		};
		118ED1E02425A21A00357DD7 /* Build configuration list for PBXNativeTarget "SwiftMousouLINE1" */ = {
			isa = XCConfigurationList;
			buildConfigurations = (
				118ED1E12425A21A00357DD7 /* Debug */,
				118ED1E22425A21A00357DD7 /* Release */,
			);
			defaultConfigurationIsVisible = 0;
			defaultConfigurationName = Release;
		};
/* End XCConfigurationList section */
	};
	rootObject = 118ED1C42425A21500357DD7 /* Project object */;
}
